
Microsoft Visual Studio Solution File, Format Version 12.00
# Visual Studio Version 16
VisualStudioVersion = 16.0.31911.196
MinimumVisualStudioVersion = 10.0.40219.1
Project("{FAE04EC0-301F-11D3-BF4B-00C04F79EFBC}") = "DragAndDrop", "DragAndDrop\DragAndDrop.csproj", "{3DD385E4-1122-4AC9-91C2-A2A40F909FE1}"
EndProject
Global
	GlobalSection(SolutionConfigurationPlatforms) = preSolution
		Debug|Any CPU = Debug|Any CPU
		Release|Any CPU = Release|Any CPU
	EndGlobalSection
	GlobalSection(ProjectConfigurationPlatforms) = postSolution
		{3DD385E4-1122-4AC9-91C2-A2A40F909FE1}.Debug|Any CPU.ActiveCfg = Debug|Any CPU
		{3DD385E4-1122-4AC9-91C2-A2A40F909FE1}.Debug|Any CPU.Build.0 = Debug|Any CPU
		{3DD385E4-1122-4AC9-91C2-A2A40F909FE1}.Release|Any CPU.ActiveCfg = Release|Any CPU
		{3DD385E4-1122-4AC9-91C2-A2A40F909FE1}.Release|Any CPU.Build.0 = Release|Any CPU
	EndGlobalSection
	GlobalSection(SolutionProperties) = preSolution
		HideSolutionNode = FALSE
	EndGlobalSection
	GlobalSection(ExtensibilityGlobals) = postSolution
		SolutionGuid = {A0C8E320-2549-440A-B369-461A3C855E3D}
	EndGlobalSection
EndGlobal
