
Microsoft Visual Studio Solution File, Format Version 12.00
# Visual Studio 14
VisualStudioVersion = 14.0.24720.0
MinimumVisualStudioVersion = 10.0.40219.1
Project("{FAE04EC0-301F-11D3-BF4B-00C04F79EFBC}") = "07_10_ForEachGunler", "07_10_ForEachGunler\07_10_ForEachGunler.csproj", "{CBBDB93A-7CEA-46E4-94E3-911BD4A0E3F6}"
EndProject
Global
	GlobalSection(SolutionConfigurationPlatforms) = preSolution
		Debug|Any CPU = Debug|Any CPU
		Release|Any CPU = Release|Any CPU
	EndGlobalSection
	GlobalSection(ProjectConfigurationPlatforms) = postSolution
		{CBBDB93A-7CEA-46E4-94E3-911BD4A0E3F6}.Debug|Any CPU.ActiveCfg = Debug|Any CPU
		{CBBDB93A-7CEA-46E4-94E3-911BD4A0E3F6}.Debug|Any CPU.Build.0 = Debug|Any CPU
		{CBBDB93A-7CEA-46E4-94E3-911BD4A0E3F6}.Release|Any CPU.ActiveCfg = Release|Any CPU
		{CBBDB93A-7CEA-46E4-94E3-911BD4A0E3F6}.Release|Any CPU.Build.0 = Release|Any CPU
	EndGlobalSection
	GlobalSection(SolutionProperties) = preSolution
		HideSolutionNode = FALSE
	EndGlobalSection
EndGlobal
