
Microsoft Visual Studio Solution File, Format Version 12.00
# Visual Studio Version 16
VisualStudioVersion = 16.0.31702.278
MinimumVisualStudioVersion = 10.0.40219.1
Project("{FAE04EC0-301F-11D3-BF4B-00C04F79EFBC}") = "MvcCrud", "MvcCrud\MvcCrud.csproj", "{38631A6D-4EE5-4F9F-B79F-6EA41F16B3F5}"
EndProject
Global
	GlobalSection(SolutionConfigurationPlatforms) = preSolution
		Debug|Any CPU = Debug|Any CPU
		Release|Any CPU = Release|Any CPU
	EndGlobalSection
	GlobalSection(ProjectConfigurationPlatforms) = postSolution
		{38631A6D-4EE5-4F9F-B79F-6EA41F16B3F5}.Debug|Any CPU.ActiveCfg = Debug|Any CPU
		{38631A6D-4EE5-4F9F-B79F-6EA41F16B3F5}.Debug|Any CPU.Build.0 = Debug|Any CPU
		{38631A6D-4EE5-4F9F-B79F-6EA41F16B3F5}.Release|Any CPU.ActiveCfg = Release|Any CPU
		{38631A6D-4EE5-4F9F-B79F-6EA41F16B3F5}.Release|Any CPU.Build.0 = Release|Any CPU
	EndGlobalSection
	GlobalSection(SolutionProperties) = preSolution
		HideSolutionNode = FALSE
	EndGlobalSection
	GlobalSection(ExtensibilityGlobals) = postSolution
		SolutionGuid = {024E1D43-DC3F-4152-B185-2236E880375B}
	EndGlobalSection
EndGlobal
