
Microsoft Visual Studio Solution File, Format Version 12.00
# Visual Studio 15
VisualStudioVersion = 15.0.28010.2048
MinimumVisualStudioVersion = 10.0.40219.1
Project("{FAE04EC0-301F-11D3-BF4B-00C04F79EFBC}") = "kapsulproje", "kapsulproje\kapsulproje.csproj", "{030E13B7-E83D-4F58-A2DC-D68C9E6F8C2E}"
EndProject
Project("{FAE04EC0-301F-11D3-BF4B-00C04F79EFBC}") = "banka", "banka\banka.csproj", "{5D427319-A4FE-4222-B7DE-89C23DBD4605}"
EndProject
Global
	GlobalSection(SolutionConfigurationPlatforms) = preSolution
		Debug|Any CPU = Debug|Any CPU
		Release|Any CPU = Release|Any CPU
	EndGlobalSection
	GlobalSection(ProjectConfigurationPlatforms) = postSolution
		{030E13B7-E83D-4F58-A2DC-D68C9E6F8C2E}.Debug|Any CPU.ActiveCfg = Debug|Any CPU
		{030E13B7-E83D-4F58-A2DC-D68C9E6F8C2E}.Debug|Any CPU.Build.0 = Debug|Any CPU
		{030E13B7-E83D-4F58-A2DC-D68C9E6F8C2E}.Release|Any CPU.ActiveCfg = Release|Any CPU
		{030E13B7-E83D-4F58-A2DC-D68C9E6F8C2E}.Release|Any CPU.Build.0 = Release|Any CPU
		{5D427319-A4FE-4222-B7DE-89C23DBD4605}.Debug|Any CPU.ActiveCfg = Debug|Any CPU
		{5D427319-A4FE-4222-B7DE-89C23DBD4605}.Debug|Any CPU.Build.0 = Debug|Any CPU
		{5D427319-A4FE-4222-B7DE-89C23DBD4605}.Release|Any CPU.ActiveCfg = Release|Any CPU
		{5D427319-A4FE-4222-B7DE-89C23DBD4605}.Release|Any CPU.Build.0 = Release|Any CPU
	EndGlobalSection
	GlobalSection(SolutionProperties) = preSolution
		HideSolutionNode = FALSE
	EndGlobalSection
	GlobalSection(ExtensibilityGlobals) = postSolution
		SolutionGuid = {8027A233-482A-41E1-BE1E-35075B3069CD}
	EndGlobalSection
EndGlobal
