
Microsoft Visual Studio Solution File, Format Version 12.00
# Visual Studio Version 16
VisualStudioVersion = 16.0.31911.196
MinimumVisualStudioVersion = 10.0.40219.1
Project("{FAE04EC0-301F-11D3-BF4B-00C04F79EFBC}") = "passaparola", "passaparola\passaparola.csproj", "{6E5E5094-17E2-4A7A-AE8B-7E41F3A36D3D}"
EndProject
Global
	GlobalSection(SolutionConfigurationPlatforms) = preSolution
		Debug|Any CPU = Debug|Any CPU
		Release|Any CPU = Release|Any CPU
	EndGlobalSection
	GlobalSection(ProjectConfigurationPlatforms) = postSolution
		{6E5E5094-17E2-4A7A-AE8B-7E41F3A36D3D}.Debug|Any CPU.ActiveCfg = Debug|Any CPU
		{6E5E5094-17E2-4A7A-AE8B-7E41F3A36D3D}.Debug|Any CPU.Build.0 = Debug|Any CPU
		{6E5E5094-17E2-4A7A-AE8B-7E41F3A36D3D}.Release|Any CPU.ActiveCfg = Release|Any CPU
		{6E5E5094-17E2-4A7A-AE8B-7E41F3A36D3D}.Release|Any CPU.Build.0 = Release|Any CPU
	EndGlobalSection
	GlobalSection(SolutionProperties) = preSolution
		HideSolutionNode = FALSE
	EndGlobalSection
	GlobalSection(ExtensibilityGlobals) = postSolution
		SolutionGuid = {13870F09-5227-4823-A489-B10248FDE904}
	EndGlobalSection
EndGlobal
