
Microsoft Visual Studio Solution File, Format Version 12.00
# Visual Studio Version 16
VisualStudioVersion = 16.0.31702.278
MinimumVisualStudioVersion = 10.0.40219.1
Project("{FAE04EC0-301F-11D3-BF4B-00C04F79EFBC}") = "InterfaceAraba", "InterfaceAraba\InterfaceAraba.csproj", "{3E4D4419-776C-4314-A537-04412B88B191}"
EndProject
Global
	GlobalSection(SolutionConfigurationPlatforms) = preSolution
		Debug|Any CPU = Debug|Any CPU
		Release|Any CPU = Release|Any CPU
	EndGlobalSection
	GlobalSection(ProjectConfigurationPlatforms) = postSolution
		{3E4D4419-776C-4314-A537-04412B88B191}.Debug|Any CPU.ActiveCfg = Debug|Any CPU
		{3E4D4419-776C-4314-A537-04412B88B191}.Debug|Any CPU.Build.0 = Debug|Any CPU
		{3E4D4419-776C-4314-A537-04412B88B191}.Release|Any CPU.ActiveCfg = Release|Any CPU
		{3E4D4419-776C-4314-A537-04412B88B191}.Release|Any CPU.Build.0 = Release|Any CPU
	EndGlobalSection
	GlobalSection(SolutionProperties) = preSolution
		HideSolutionNode = FALSE
	EndGlobalSection
	GlobalSection(ExtensibilityGlobals) = postSolution
		SolutionGuid = {FFB7FAF3-696A-437F-98EC-139B9B155896}
	EndGlobalSection
EndGlobal
