
Microsoft Visual Studio Solution File, Format Version 12.00
# Visual Studio Version 16
VisualStudioVersion = 16.0.31911.196
MinimumVisualStudioVersion = 10.0.40219.1
Project("{FAE04EC0-301F-11D3-BF4B-00C04F79EFBC}") = "switchcasewhen", "switchcasewhen\switchcasewhen.csproj", "{2ECEBF6A-516B-46CE-AF28-2257E31C0016}"
EndProject
Global
	GlobalSection(SolutionConfigurationPlatforms) = preSolution
		Debug|Any CPU = Debug|Any CPU
		Release|Any CPU = Release|Any CPU
	EndGlobalSection
	GlobalSection(ProjectConfigurationPlatforms) = postSolution
		{2ECEBF6A-516B-46CE-AF28-2257E31C0016}.Debug|Any CPU.ActiveCfg = Debug|Any CPU
		{2ECEBF6A-516B-46CE-AF28-2257E31C0016}.Debug|Any CPU.Build.0 = Debug|Any CPU
		{2ECEBF6A-516B-46CE-AF28-2257E31C0016}.Release|Any CPU.ActiveCfg = Release|Any CPU
		{2ECEBF6A-516B-46CE-AF28-2257E31C0016}.Release|Any CPU.Build.0 = Release|Any CPU
	EndGlobalSection
	GlobalSection(SolutionProperties) = preSolution
		HideSolutionNode = FALSE
	EndGlobalSection
	GlobalSection(ExtensibilityGlobals) = postSolution
		SolutionGuid = {637B6901-7E9F-4879-AAE1-E8B1F4643D18}
	EndGlobalSection
EndGlobal
