
Microsoft Visual Studio Solution File, Format Version 12.00
# Visual Studio Version 16
VisualStudioVersion = 16.0.31911.196
MinimumVisualStudioVersion = 10.0.40219.1
Project("{FAE04EC0-301F-11D3-BF4B-00C04F79EFBC}") = "Donguler", "Donguler\Donguler.csproj", "{E7BC974A-30E2-4592-A75C-F850AC10025B}"
EndProject
Project("{FAE04EC0-301F-11D3-BF4B-00C04F79EFBC}") = "foreach", "foreach\foreach.csproj", "{E01499DE-33AC-49DF-AAF0-8A195D5C09A2}"
EndProject
Project("{FAE04EC0-301F-11D3-BF4B-00C04F79EFBC}") = "whiledongusu", "whiledongusu\whiledongusu.csproj", "{AC9EBB22-2EEA-4DFB-A701-3C64D673C0DE}"
EndProject
Project("{FAE04EC0-301F-11D3-BF4B-00C04F79EFBC}") = "dowhiledongusu", "dowhiledongusu\dowhiledongusu.csproj", "{0ABFA3DC-85B0-4705-AA2B-924CFE29CAFB}"
EndProject
Global
	GlobalSection(SolutionConfigurationPlatforms) = preSolution
		Debug|Any CPU = Debug|Any CPU
		Release|Any CPU = Release|Any CPU
	EndGlobalSection
	GlobalSection(ProjectConfigurationPlatforms) = postSolution
		{E7BC974A-30E2-4592-A75C-F850AC10025B}.Debug|Any CPU.ActiveCfg = Debug|Any CPU
		{E7BC974A-30E2-4592-A75C-F850AC10025B}.Debug|Any CPU.Build.0 = Debug|Any CPU
		{E7BC974A-30E2-4592-A75C-F850AC10025B}.Release|Any CPU.ActiveCfg = Release|Any CPU
		{E7BC974A-30E2-4592-A75C-F850AC10025B}.Release|Any CPU.Build.0 = Release|Any CPU
		{E01499DE-33AC-49DF-AAF0-8A195D5C09A2}.Debug|Any CPU.ActiveCfg = Debug|Any CPU
		{E01499DE-33AC-49DF-AAF0-8A195D5C09A2}.Debug|Any CPU.Build.0 = Debug|Any CPU
		{E01499DE-33AC-49DF-AAF0-8A195D5C09A2}.Release|Any CPU.ActiveCfg = Release|Any CPU
		{E01499DE-33AC-49DF-AAF0-8A195D5C09A2}.Release|Any CPU.Build.0 = Release|Any CPU
		{AC9EBB22-2EEA-4DFB-A701-3C64D673C0DE}.Debug|Any CPU.ActiveCfg = Debug|Any CPU
		{AC9EBB22-2EEA-4DFB-A701-3C64D673C0DE}.Debug|Any CPU.Build.0 = Debug|Any CPU
		{AC9EBB22-2EEA-4DFB-A701-3C64D673C0DE}.Release|Any CPU.ActiveCfg = Release|Any CPU
		{AC9EBB22-2EEA-4DFB-A701-3C64D673C0DE}.Release|Any CPU.Build.0 = Release|Any CPU
		{0ABFA3DC-85B0-4705-AA2B-924CFE29CAFB}.Debug|Any CPU.ActiveCfg = Debug|Any CPU
		{0ABFA3DC-85B0-4705-AA2B-924CFE29CAFB}.Debug|Any CPU.Build.0 = Debug|Any CPU
		{0ABFA3DC-85B0-4705-AA2B-924CFE29CAFB}.Release|Any CPU.ActiveCfg = Release|Any CPU
		{0ABFA3DC-85B0-4705-AA2B-924CFE29CAFB}.Release|Any CPU.Build.0 = Release|Any CPU
	EndGlobalSection
	GlobalSection(SolutionProperties) = preSolution
		HideSolutionNode = FALSE
	EndGlobalSection
	GlobalSection(ExtensibilityGlobals) = postSolution
		SolutionGuid = {D288EA6B-E438-4C2F-8DAF-4B60D7CD4A36}
	EndGlobalSection
EndGlobal
