
Microsoft Visual Studio Solution File, Format Version 12.00
# Visual Studio Version 16
VisualStudioVersion = 16.0.31911.196
MinimumVisualStudioVersion = 10.0.40219.1
Project("{FAE04EC0-301F-11D3-BF4B-00C04F79EFBC}") = "Queuekullanım", "Queuekullanım\Queuekullanım.csproj", "{8C69B183-6794-43D9-8674-2FDE58744CCE}"
EndProject
Global
	GlobalSection(SolutionConfigurationPlatforms) = preSolution
		Debug|Any CPU = Debug|Any CPU
		Release|Any CPU = Release|Any CPU
	EndGlobalSection
	GlobalSection(ProjectConfigurationPlatforms) = postSolution
		{8C69B183-6794-43D9-8674-2FDE58744CCE}.Debug|Any CPU.ActiveCfg = Debug|Any CPU
		{8C69B183-6794-43D9-8674-2FDE58744CCE}.Debug|Any CPU.Build.0 = Debug|Any CPU
		{8C69B183-6794-43D9-8674-2FDE58744CCE}.Release|Any CPU.ActiveCfg = Release|Any CPU
		{8C69B183-6794-43D9-8674-2FDE58744CCE}.Release|Any CPU.Build.0 = Release|Any CPU
	EndGlobalSection
	GlobalSection(SolutionProperties) = preSolution
		HideSolutionNode = FALSE
	EndGlobalSection
	GlobalSection(ExtensibilityGlobals) = postSolution
		SolutionGuid = {0B8E6AC9-2764-47EF-B3CE-38C1064594E7}
	EndGlobalSection
EndGlobal
