
Microsoft Visual Studio Solution File, Format Version 12.00
# Visual Studio Version 16
VisualStudioVersion = 16.0.31702.278
MinimumVisualStudioVersion = 10.0.40219.1
Project("{FAE04EC0-301F-11D3-BF4B-00C04F79EFBC}") = "SeyahatAcentesi", "SeyahatAcentesi\SeyahatAcentesi.csproj", "{5BDBD775-A604-4893-AAB4-94064A829A7B}"
EndProject
Global
	GlobalSection(SolutionConfigurationPlatforms) = preSolution
		Debug|Any CPU = Debug|Any CPU
		Release|Any CPU = Release|Any CPU
	EndGlobalSection
	GlobalSection(ProjectConfigurationPlatforms) = postSolution
		{5BDBD775-A604-4893-AAB4-94064A829A7B}.Debug|Any CPU.ActiveCfg = Debug|Any CPU
		{5BDBD775-A604-4893-AAB4-94064A829A7B}.Debug|Any CPU.Build.0 = Debug|Any CPU
		{5BDBD775-A604-4893-AAB4-94064A829A7B}.Release|Any CPU.ActiveCfg = Release|Any CPU
		{5BDBD775-A604-4893-AAB4-94064A829A7B}.Release|Any CPU.Build.0 = Release|Any CPU
	EndGlobalSection
	GlobalSection(SolutionProperties) = preSolution
		HideSolutionNode = FALSE
	EndGlobalSection
	GlobalSection(ExtensibilityGlobals) = postSolution
		SolutionGuid = {989ED53A-2E89-4844-90CE-AA40B378117F}
	EndGlobalSection
EndGlobal
