
Microsoft Visual Studio Solution File, Format Version 12.00
# Visual Studio Version 16
VisualStudioVersion = 16.0.31702.278
MinimumVisualStudioVersion = 10.0.40219.1
Project("{FAE04EC0-301F-11D3-BF4B-00C04F79EFBC}") = "cssoutlinestyle", "cssoutlinestyle\cssoutlinestyle.csproj", "{1823C30E-42CA-4F5E-8DE7-75F28DFE849A}"
EndProject
Global
	GlobalSection(SolutionConfigurationPlatforms) = preSolution
		Debug|Any CPU = Debug|Any CPU
		Release|Any CPU = Release|Any CPU
	EndGlobalSection
	GlobalSection(ProjectConfigurationPlatforms) = postSolution
		{1823C30E-42CA-4F5E-8DE7-75F28DFE849A}.Debug|Any CPU.ActiveCfg = Debug|Any CPU
		{1823C30E-42CA-4F5E-8DE7-75F28DFE849A}.Debug|Any CPU.Build.0 = Debug|Any CPU
		{1823C30E-42CA-4F5E-8DE7-75F28DFE849A}.Release|Any CPU.ActiveCfg = Release|Any CPU
		{1823C30E-42CA-4F5E-8DE7-75F28DFE849A}.Release|Any CPU.Build.0 = Release|Any CPU
	EndGlobalSection
	GlobalSection(SolutionProperties) = preSolution
		HideSolutionNode = FALSE
	EndGlobalSection
	GlobalSection(ExtensibilityGlobals) = postSolution
		SolutionGuid = {3C08F800-58D0-4DDB-A68C-66B1A049780A}
	EndGlobalSection
EndGlobal
