
Microsoft Visual Studio Solution File, Format Version 12.00
# Visual Studio Version 16
VisualStudioVersion = 16.0.31702.278
MinimumVisualStudioVersion = 10.0.40219.1
Project("{FAE04EC0-301F-11D3-BF4B-00C04F79EFBC}") = "basituygulama", "basituygulama\basituygulama.csproj", "{CAB2F9B5-A383-4C6F-B53C-603A59258364}"
EndProject
Global
	GlobalSection(SolutionConfigurationPlatforms) = preSolution
		Debug|Any CPU = Debug|Any CPU
		Release|Any CPU = Release|Any CPU
	EndGlobalSection
	GlobalSection(ProjectConfigurationPlatforms) = postSolution
		{CAB2F9B5-A383-4C6F-B53C-603A59258364}.Debug|Any CPU.ActiveCfg = Debug|Any CPU
		{CAB2F9B5-A383-4C6F-B53C-603A59258364}.Debug|Any CPU.Build.0 = Debug|Any CPU
		{CAB2F9B5-A383-4C6F-B53C-603A59258364}.Release|Any CPU.ActiveCfg = Release|Any CPU
		{CAB2F9B5-A383-4C6F-B53C-603A59258364}.Release|Any CPU.Build.0 = Release|Any CPU
	EndGlobalSection
	GlobalSection(SolutionProperties) = preSolution
		HideSolutionNode = FALSE
	EndGlobalSection
	GlobalSection(ExtensibilityGlobals) = postSolution
		SolutionGuid = {3ED7DB99-4B09-4A72-ABC7-2CDB34EC43F7}
	EndGlobalSection
EndGlobal
