
Microsoft Visual Studio Solution File, Format Version 12.00
# Visual Studio Version 16
VisualStudioVersion = 16.0.31911.196
MinimumVisualStudioVersion = 10.0.40219.1
Project("{FAE04EC0-301F-11D3-BF4B-00C04F79EFBC}") = "foreach", "foreach\foreach.csproj", "{DDC09D02-F3E8-4A59-B620-E11298BFF54C}"
EndProject
Global
	GlobalSection(SolutionConfigurationPlatforms) = preSolution
		Debug|Any CPU = Debug|Any CPU
		Release|Any CPU = Release|Any CPU
	EndGlobalSection
	GlobalSection(ProjectConfigurationPlatforms) = postSolution
		{DDC09D02-F3E8-4A59-B620-E11298BFF54C}.Debug|Any CPU.ActiveCfg = Debug|Any CPU
		{DDC09D02-F3E8-4A59-B620-E11298BFF54C}.Debug|Any CPU.Build.0 = Debug|Any CPU
		{DDC09D02-F3E8-4A59-B620-E11298BFF54C}.Release|Any CPU.ActiveCfg = Release|Any CPU
		{DDC09D02-F3E8-4A59-B620-E11298BFF54C}.Release|Any CPU.Build.0 = Release|Any CPU
	EndGlobalSection
	GlobalSection(SolutionProperties) = preSolution
		HideSolutionNode = FALSE
	EndGlobalSection
	GlobalSection(ExtensibilityGlobals) = postSolution
		SolutionGuid = {EB738292-C433-4743-B0AE-088BCF31C544}
	EndGlobalSection
EndGlobal
