
Microsoft Visual Studio Solution File, Format Version 12.00
# Visual Studio Version 16
VisualStudioVersion = 16.0.31702.278
MinimumVisualStudioVersion = 10.0.40219.1
Project("{FAE04EC0-301F-11D3-BF4B-00C04F79EFBC}") = "MvcCategories", "MvcCategories\MvcCategories.csproj", "{3FC013F8-7AE2-46B5-8F99-D0F2598092C1}"
EndProject
Global
	GlobalSection(SolutionConfigurationPlatforms) = preSolution
		Debug|Any CPU = Debug|Any CPU
		Release|Any CPU = Release|Any CPU
	EndGlobalSection
	GlobalSection(ProjectConfigurationPlatforms) = postSolution
		{3FC013F8-7AE2-46B5-8F99-D0F2598092C1}.Debug|Any CPU.ActiveCfg = Debug|Any CPU
		{3FC013F8-7AE2-46B5-8F99-D0F2598092C1}.Debug|Any CPU.Build.0 = Debug|Any CPU
		{3FC013F8-7AE2-46B5-8F99-D0F2598092C1}.Release|Any CPU.ActiveCfg = Release|Any CPU
		{3FC013F8-7AE2-46B5-8F99-D0F2598092C1}.Release|Any CPU.Build.0 = Release|Any CPU
	EndGlobalSection
	GlobalSection(SolutionProperties) = preSolution
		HideSolutionNode = FALSE
	EndGlobalSection
	GlobalSection(ExtensibilityGlobals) = postSolution
		SolutionGuid = {B3B51D4D-233F-4852-98AD-C9388BB186CF}
	EndGlobalSection
EndGlobal
