
Microsoft Visual Studio Solution File, Format Version 12.00
# Visual Studio Version 16
VisualStudioVersion = 16.0.31911.196
MinimumVisualStudioVersion = 10.0.40219.1
Project("{FAE04EC0-301F-11D3-BF4B-00C04F79EFBC}") = "kalitim-ders", "kalitim-ders\kalitim-ders.csproj", "{FB6992BE-041A-460B-A72F-503F6B5EC47D}"
EndProject
Global
	GlobalSection(SolutionConfigurationPlatforms) = preSolution
		Debug|Any CPU = Debug|Any CPU
		Release|Any CPU = Release|Any CPU
	EndGlobalSection
	GlobalSection(ProjectConfigurationPlatforms) = postSolution
		{FB6992BE-041A-460B-A72F-503F6B5EC47D}.Debug|Any CPU.ActiveCfg = Debug|Any CPU
		{FB6992BE-041A-460B-A72F-503F6B5EC47D}.Debug|Any CPU.Build.0 = Debug|Any CPU
		{FB6992BE-041A-460B-A72F-503F6B5EC47D}.Release|Any CPU.ActiveCfg = Release|Any CPU
		{FB6992BE-041A-460B-A72F-503F6B5EC47D}.Release|Any CPU.Build.0 = Release|Any CPU
	EndGlobalSection
	GlobalSection(SolutionProperties) = preSolution
		HideSolutionNode = FALSE
	EndGlobalSection
	GlobalSection(ExtensibilityGlobals) = postSolution
		SolutionGuid = {5214F46D-F701-4EDE-8AC3-5168D11F747B}
	EndGlobalSection
EndGlobal
