
Microsoft Visual Studio Solution File, Format Version 12.00
# Visual Studio Version 16
VisualStudioVersion = 16.0.31911.196
MinimumVisualStudioVersion = 10.0.40219.1
Project("{FAE04EC0-301F-11D3-BF4B-00C04F79EFBC}") = "DataGrid", "DataGrid\DataGrid.csproj", "{173384AA-159F-41FD-990B-00EF5D919FBE}"
EndProject
Global
	GlobalSection(SolutionConfigurationPlatforms) = preSolution
		Debug|Any CPU = Debug|Any CPU
		Release|Any CPU = Release|Any CPU
	EndGlobalSection
	GlobalSection(ProjectConfigurationPlatforms) = postSolution
		{173384AA-159F-41FD-990B-00EF5D919FBE}.Debug|Any CPU.ActiveCfg = Debug|Any CPU
		{173384AA-159F-41FD-990B-00EF5D919FBE}.Debug|Any CPU.Build.0 = Debug|Any CPU
		{173384AA-159F-41FD-990B-00EF5D919FBE}.Release|Any CPU.ActiveCfg = Release|Any CPU
		{173384AA-159F-41FD-990B-00EF5D919FBE}.Release|Any CPU.Build.0 = Release|Any CPU
	EndGlobalSection
	GlobalSection(SolutionProperties) = preSolution
		HideSolutionNode = FALSE
	EndGlobalSection
	GlobalSection(ExtensibilityGlobals) = postSolution
		SolutionGuid = {4BE178CD-FBD6-4389-9AF6-6258CB64BE81}
	EndGlobalSection
EndGlobal
