
Microsoft Visual Studio Solution File, Format Version 12.00
# Visual Studio Version 16
VisualStudioVersion = 16.0.31702.278
MinimumVisualStudioVersion = 10.0.40219.1
Project("{FAE04EC0-301F-11D3-BF4B-00C04F79EFBC}") = "FirstMvc", "FirstMvc\FirstMvc.csproj", "{A09E07F6-A4ED-41FD-BF11-31AB06F70150}"
EndProject
Project("{FAE04EC0-301F-11D3-BF4B-00C04F79EFBC}") = "ActionResultSample", "ActionResultSample\ActionResultSample.csproj", "{76A76BB3-CA9A-4996-A66C-5DF0A16B3EDA}"
EndProject
Global
	GlobalSection(SolutionConfigurationPlatforms) = preSolution
		Debug|Any CPU = Debug|Any CPU
		Release|Any CPU = Release|Any CPU
	EndGlobalSection
	GlobalSection(ProjectConfigurationPlatforms) = postSolution
		{A09E07F6-A4ED-41FD-BF11-31AB06F70150}.Debug|Any CPU.ActiveCfg = Debug|Any CPU
		{A09E07F6-A4ED-41FD-BF11-31AB06F70150}.Debug|Any CPU.Build.0 = Debug|Any CPU
		{A09E07F6-A4ED-41FD-BF11-31AB06F70150}.Release|Any CPU.ActiveCfg = Release|Any CPU
		{A09E07F6-A4ED-41FD-BF11-31AB06F70150}.Release|Any CPU.Build.0 = Release|Any CPU
		{76A76BB3-CA9A-4996-A66C-5DF0A16B3EDA}.Debug|Any CPU.ActiveCfg = Debug|Any CPU
		{76A76BB3-CA9A-4996-A66C-5DF0A16B3EDA}.Debug|Any CPU.Build.0 = Debug|Any CPU
		{76A76BB3-CA9A-4996-A66C-5DF0A16B3EDA}.Release|Any CPU.ActiveCfg = Release|Any CPU
		{76A76BB3-CA9A-4996-A66C-5DF0A16B3EDA}.Release|Any CPU.Build.0 = Release|Any CPU
	EndGlobalSection
	GlobalSection(SolutionProperties) = preSolution
		HideSolutionNode = FALSE
	EndGlobalSection
	GlobalSection(ExtensibilityGlobals) = postSolution
		SolutionGuid = {8B9B9251-0159-4B98-AB57-4067CCAD27A0}
	EndGlobalSection
EndGlobal
